{
    "version": 3,
    "terraform_version": "0.8.4",
    "serial": 1,
    "lineage": "e88fd2ea-c7cf-4afb-a16c-7cf328892280",
    "modules": [
        {
            "path": [
                "root"
            ],
            "outputs": {},
            "resources": {
                "aws_instance.example": {
                    "type": "aws_instance",
                    "depends_on": [],
                    "primary": {
                        "id": "i-00737b85959d7234d",
                        "attributes": {
                            "ami": "ami-5aee2235",
                            "associate_public_ip_address": "true",
                            "availability_zone": "eu-central-1b",
                            "disable_api_termination": "false",
                            "ebs_block_device.#": "0",
                            "ebs_optimized": "false",
                            "ephemeral_block_device.#": "0",
                            "iam_instance_profile": "",
                            "id": "i-00737b85959d7234d",
                            "instance_state": "running",
                            "instance_type": "t2.micro",
                            "key_name": "",
                            "monitoring": "false",
                            "network_interface_id": "eni-932c18ec",
                            "private_dns": "ip-172-31-17-220.eu-central-1.compute.internal",
                            "private_ip": "172.31.17.220",
                            "public_dns": "ec2-35-156-129-88.eu-central-1.compute.amazonaws.com",
                            "public_ip": "35.156.129.88",
                            "root_block_device.#": "1",
                            "root_block_device.0.delete_on_termination": "true",
                            "root_block_device.0.iops": "100",
                            "root_block_device.0.volume_size": "8",
                            "root_block_device.0.volume_type": "gp2",
                            "security_groups.#": "0",
                            "source_dest_check": "true",
                            "subnet_id": "subnet-2fa86755",
                            "tags.%": "0",
                            "tenancy": "default",
                            "vpc_security_group_ids.#": "1",
                            "vpc_security_group_ids.2393463636": "sg-c94366a1"
                        },
                        "meta": {
                            "schema_version": "1"
                        },
                        "tainted": false
                    },
                    "deposed": [],
                    "provider": ""
                }
            },
            "depends_on": []
        }
    ]
}
