{
    "version": 3,
    "terraform_version": "0.8.5",
    "serial": 13,
    "lineage": "e88fd2ea-c7cf-4afb-a16c-7cf328892280",
    "modules": [
        {
            "path": [
                "root"
            ],
            "outputs": {
                "subnet_group_id": {
                    "sensitive": false,
                    "type": "string",
                    "value": "test-subnetgrp"
                }
            },
            "resources": {
                "aws_db_instance.main_rds_instance": {
                    "type": "aws_db_instance",
                    "depends_on": [
                        "aws_db_subnet_group.main_db_subnet_group",
                        "aws_security_group.allow_all"
                    ],
                    "primary": {
                        "id": "test",
                        "attributes": {
                            "allocated_storage": "20",
                            "auto_minor_version_upgrade": "true",
                            "copy_tags_to_snapshot": "false",
                            "db_subnet_group_name": "test-subnetgrp",
                            "engine": "sqlserver-ex",
                            "engine_version": "13.00.2164.0.v1",
                            "id": "test",
                            "identifier": "test",
                            "instance_class": "db.t2.micro",
                            "monitoring_interval": "0",
                            "multi_az": "false",
                            "password": "V8eMSqHaZ6xp",
                            "publicly_accessible": "false",
                            "skip_final_snapshot": "true",
                            "storage_type": "standard",
                            "username": "superbasti",
                            "vpc_security_group_ids.#": "1",
                            "vpc_security_group_ids.1076074128": "sg-976286fc"
                        },
                        "meta": {},
                        "tainted": false
                    },
                    "deposed": [],
                    "provider": ""
                },
                "aws_db_subnet_group.main_db_subnet_group": {
                    "type": "aws_db_subnet_group",
                    "depends_on": [
                        "aws_subnet.one",
                        "aws_subnet.two"
                    ],
                    "primary": {
                        "id": "test-subnetgrp",
                        "attributes": {
                            "arn": "arn:aws:rds:eu-central-1:394296847239:subgrp:test-subnetgrp",
                            "description": "RDS subnet group",
                            "id": "test-subnetgrp",
                            "name": "test-subnetgrp",
                            "subnet_ids.#": "2",
                            "subnet_ids.297478648": "subnet-45d9bd2d",
                            "subnet_ids.755083703": "subnet-c2cb62b8",
                            "tags.%": "0"
                        },
                        "meta": {},
                        "tainted": false
                    },
                    "deposed": [],
                    "provider": ""
                },
                "aws_security_group.allow_all": {
                    "type": "aws_security_group",
                    "depends_on": [
                        "aws_vpc.main"
                    ],
                    "primary": {
                        "id": "sg-976286fc",
                        "attributes": {
                            "description": "Allow all inbound traffic",
                            "egress.#": "1",
                            "egress.482069346.cidr_blocks.#": "1",
                            "egress.482069346.cidr_blocks.0": "0.0.0.0/0",
                            "egress.482069346.from_port": "0",
                            "egress.482069346.prefix_list_ids.#": "0",
                            "egress.482069346.protocol": "-1",
                            "egress.482069346.security_groups.#": "0",
                            "egress.482069346.self": "false",
                            "egress.482069346.to_port": "0",
                            "id": "sg-976286fc",
                            "ingress.#": "1",
                            "ingress.482069346.cidr_blocks.#": "1",
                            "ingress.482069346.cidr_blocks.0": "0.0.0.0/0",
                            "ingress.482069346.from_port": "0",
                            "ingress.482069346.protocol": "-1",
                            "ingress.482069346.security_groups.#": "0",
                            "ingress.482069346.self": "false",
                            "ingress.482069346.to_port": "0",
                            "name": "allow_all",
                            "owner_id": "394296847239",
                            "tags.%": "0",
                            "vpc_id": "vpc-3390375b"
                        },
                        "meta": {},
                        "tainted": false
                    },
                    "deposed": [],
                    "provider": ""
                },
                "aws_subnet.one": {
                    "type": "aws_subnet",
                    "depends_on": [
                        "aws_security_group.allow_all"
                    ],
                    "primary": {
                        "id": "subnet-45d9bd2d",
                        "attributes": {
                            "availability_zone": "eu-central-1a",
                            "cidr_block": "10.0.1.0/24",
                            "id": "subnet-45d9bd2d",
                            "map_public_ip_on_launch": "false",
                            "tags.%": "1",
                            "tags.Name": "One",
                            "vpc_id": "vpc-3390375b"
                        },
                        "meta": {},
                        "tainted": false
                    },
                    "deposed": [],
                    "provider": ""
                },
                "aws_subnet.two": {
                    "type": "aws_subnet",
                    "depends_on": [
                        "aws_security_group.allow_all"
                    ],
                    "primary": {
                        "id": "subnet-c2cb62b8",
                        "attributes": {
                            "availability_zone": "eu-central-1b",
                            "cidr_block": "10.0.2.0/24",
                            "id": "subnet-c2cb62b8",
                            "map_public_ip_on_launch": "false",
                            "tags.%": "1",
                            "tags.Name": "Two",
                            "vpc_id": "vpc-3390375b"
                        },
                        "meta": {},
                        "tainted": false
                    },
                    "deposed": [],
                    "provider": ""
                },
                "aws_vpc.main": {
                    "type": "aws_vpc",
                    "depends_on": [],
                    "primary": {
                        "id": "vpc-3390375b",
                        "attributes": {
                            "cidr_block": "10.0.0.0/16",
                            "default_network_acl_id": "acl-dbb232b3",
                            "default_route_table_id": "rtb-5d1d9435",
                            "default_security_group_id": "sg-8c6286e7",
                            "dhcp_options_id": "dopt-1c979775",
                            "enable_dns_hostnames": "false",
                            "enable_dns_support": "true",
                            "id": "vpc-3390375b",
                            "instance_tenancy": "default",
                            "main_route_table_id": "rtb-5d1d9435",
                            "tags.%": "0"
                        },
                        "meta": {},
                        "tainted": false
                    },
                    "deposed": [],
                    "provider": ""
                }
            },
            "depends_on": []
        }
    ]
}
